// !$*UTF8*$!
{
	archiveVersion = 1;
	classes = {
	};
	objectVersion = 55;
	objects = {

/* Begin PBXBuildFile section */
		167EFF1028B7A6E000B2CE02 /* AppDelegate.swift in Sources */ = {isa = PBXBuildFile; fileRef = 167EFF0F28B7A6E000B2CE02 /* AppDelegate.swift */; };
		167EFF1228B7A6E000B2CE02 /* SceneDelegate.swift in Sources */ = {isa = PBXBuildFile; fileRef = 167EFF1128B7A6E000B2CE02 /* SceneDelegate.swift */; };
		167EFF1428B7A6E000B2CE02 /* MainScreenViewController.swift in Sources */ = {isa = PBXBuildFile; fileRef = 167EFF1328B7A6E000B2CE02 /* MainScreenViewController.swift */; };
		167EFF1928B7A6E500B2CE02 /* Assets.xcassets in Resources */ = {isa = PBXBuildFile; fileRef = 167EFF1828B7A6E500B2CE02 /* Assets.xcassets */; };
		167EFF1C28B7A6E500B2CE02 /* LaunchScreen.storyboard in Resources */ = {isa = PBXBuildFile; fileRef = 167EFF1A28B7A6E500B2CE02 /* LaunchScreen.storyboard */; };
		167EFF3028B7A9F200B2CE02 /* Coordinator.swift in Sources */ = {isa = PBXBuildFile; fileRef = 167EFF2F28B7A9F200B2CE02 /* Coordinator.swift */; };
		167EFF3228B7AA0100B2CE02 /* AppCoordinator.swift in Sources */ = {isa = PBXBuildFile; fileRef = 167EFF3128B7AA0100B2CE02 /* AppCoordinator.swift */; };
		167EFF3428B7AA1000B2CE02 /* MainScreenCoordinator.swift in Sources */ = {isa = PBXBuildFile; fileRef = 167EFF3328B7AA1000B2CE02 /* MainScreenCoordinator.swift */; };
		167EFF3628B7AA3000B2CE02 /* DataListCoordinator.swift in Sources */ = {isa = PBXBuildFile; fileRef = 167EFF3528B7AA3000B2CE02 /* DataListCoordinator.swift */; };
		167EFF3828B7AA4000B2CE02 /* DataDetailCoordinator.swift in Sources */ = {isa = PBXBuildFile; fileRef = 167EFF3728B7AA4000B2CE02 /* DataDetailCoordinator.swift */; };
		167EFF3A28B7AAB900B2CE02 /* Pryaniky.swift in Sources */ = {isa = PBXBuildFile; fileRef = 167EFF3928B7AAB900B2CE02 /* Pryaniky.swift */; };
		167EFF3C28B7AC0C00B2CE02 /* MainScreenViewModel.swift in Sources */ = {isa = PBXBuildFile; fileRef = 167EFF3B28B7AC0C00B2CE02 /* MainScreenViewModel.swift */; };
		167EFF3E28B7ACE100B2CE02 /* MainScreenView.swift in Sources */ = {isa = PBXBuildFile; fileRef = 167EFF3D28B7ACE100B2CE02 /* MainScreenView.swift */; };
		167EFF4128B7AECF00B2CE02 /* Alamofire in Frameworks */ = {isa = PBXBuildFile; productRef = 167EFF4028B7AECF00B2CE02 /* Alamofire */; };
		167EFF4428B7AF0000B2CE02 /* Kingfisher in Frameworks */ = {isa = PBXBuildFile; productRef = 167EFF4328B7AF0000B2CE02 /* Kingfisher */; };
		167EFF4628B7B91400B2CE02 /* DataListViewController.swift in Sources */ = {isa = PBXBuildFile; fileRef = 167EFF4528B7B91400B2CE02 /* DataListViewController.swift */; };
		167EFF4828B7B98000B2CE02 /* DataListView.swift in Sources */ = {isa = PBXBuildFile; fileRef = 167EFF4728B7B98000B2CE02 /* DataListView.swift */; };
		167EFF4D28B7BAD700B2CE02 /* DataListViewModel.swift in Sources */ = {isa = PBXBuildFile; fileRef = 167EFF4C28B7BAD700B2CE02 /* DataListViewModel.swift */; };
		167EFF4F28B7BBD000B2CE02 /* NetworkManager.swift in Sources */ = {isa = PBXBuildFile; fileRef = 167EFF4E28B7BBD000B2CE02 /* NetworkManager.swift */; };
		167EFF5128B7BF6A00B2CE02 /* GetData.swift in Sources */ = {isa = PBXBuildFile; fileRef = 167EFF5028B7BF6A00B2CE02 /* GetData.swift */; };
		167EFF6228B7DF4600B2CE02 /* UIButtonExtension .swift in Sources */ = {isa = PBXBuildFile; fileRef = 167EFF6128B7DF4600B2CE02 /* UIButtonExtension .swift */; };
		167EFF6428B7E10300B2CE02 /* UIColorExtension.swift in Sources */ = {isa = PBXBuildFile; fileRef = 167EFF6328B7E10300B2CE02 /* UIColorExtension.swift */; };
		167EFF6728B7E3B000B2CE02 /* TextTableViewCell.swift in Sources */ = {isa = PBXBuildFile; fileRef = 167EFF6628B7E3B000B2CE02 /* TextTableViewCell.swift */; };
		167EFF6928B7E3DC00B2CE02 /* ImageTableViewCell.swift in Sources */ = {isa = PBXBuildFile; fileRef = 167EFF6828B7E3DC00B2CE02 /* ImageTableViewCell.swift */; };
		167EFF6B28B7E3E700B2CE02 /* SelectorTableViewCell.swift in Sources */ = {isa = PBXBuildFile; fileRef = 167EFF6A28B7E3E700B2CE02 /* SelectorTableViewCell.swift */; };
		167EFF6E28B7E7FE00B2CE02 /* RxCocoa in Frameworks */ = {isa = PBXBuildFile; productRef = 167EFF6D28B7E7FE00B2CE02 /* RxCocoa */; };
		167EFF7028B7E7FE00B2CE02 /* RxSwift in Frameworks */ = {isa = PBXBuildFile; productRef = 167EFF6F28B7E7FE00B2CE02 /* RxSwift */; };
/* End PBXBuildFile section */

/* Begin PBXFileReference section */
		167EFF0C28B7A6E000B2CE02 /* Crunchy.app */ = {isa = PBXFileReference; explicitFileType = wrapper.application; includeInIndex = 0; path = Crunchy.app; sourceTree = BUILT_PRODUCTS_DIR; };
		167EFF0F28B7A6E000B2CE02 /* AppDelegate.swift */ = {isa = PBXFileReference; lastKnownFileType = sourcecode.swift; path = AppDelegate.swift; sourceTree = "<group>"; };
		167EFF1128B7A6E000B2CE02 /* SceneDelegate.swift */ = {isa = PBXFileReference; lastKnownFileType = sourcecode.swift; path = SceneDelegate.swift; sourceTree = "<group>"; };
		167EFF1328B7A6E000B2CE02 /* MainScreenViewController.swift */ = {isa = PBXFileReference; lastKnownFileType = sourcecode.swift; path = MainScreenViewController.swift; sourceTree = "<group>"; };
		167EFF1828B7A6E500B2CE02 /* Assets.xcassets */ = {isa = PBXFileReference; lastKnownFileType = folder.assetcatalog; path = Assets.xcassets; sourceTree = "<group>"; };
		167EFF1B28B7A6E500B2CE02 /* Base */ = {isa = PBXFileReference; lastKnownFileType = file.storyboard; name = Base; path = Base.lproj/LaunchScreen.storyboard; sourceTree = "<group>"; };
		167EFF1D28B7A6E500B2CE02 /* Info.plist */ = {isa = PBXFileReference; lastKnownFileType = text.plist.xml; path = Info.plist; sourceTree = "<group>"; };
		167EFF2F28B7A9F200B2CE02 /* Coordinator.swift */ = {isa = PBXFileReference; lastKnownFileType = sourcecode.swift; path = Coordinator.swift; sourceTree = "<group>"; };
		167EFF3128B7AA0100B2CE02 /* AppCoordinator.swift */ = {isa = PBXFileReference; lastKnownFileType = sourcecode.swift; path = AppCoordinator.swift; sourceTree = "<group>"; };
		167EFF3328B7AA1000B2CE02 /* MainScreenCoordinator.swift */ = {isa = PBXFileReference; lastKnownFileType = sourcecode.swift; path = MainScreenCoordinator.swift; sourceTree = "<group>"; };
		167EFF3528B7AA3000B2CE02 /* DataListCoordinator.swift */ = {isa = PBXFileReference; lastKnownFileType = sourcecode.swift; path = DataListCoordinator.swift; sourceTree = "<group>"; };
		167EFF3728B7AA4000B2CE02 /* DataDetailCoordinator.swift */ = {isa = PBXFileReference; lastKnownFileType = sourcecode.swift; path = DataDetailCoordinator.swift; sourceTree = "<group>"; };
		167EFF3928B7AAB900B2CE02 /* Pryaniky.swift */ = {isa = PBXFileReference; lastKnownFileType = sourcecode.swift; path = Pryaniky.swift; sourceTree = "<group>"; };
		167EFF3B28B7AC0C00B2CE02 /* MainScreenViewModel.swift */ = {isa = PBXFileReference; lastKnownFileType = sourcecode.swift; path = MainScreenViewModel.swift; sourceTree = "<group>"; };
		167EFF3D28B7ACE100B2CE02 /* MainScreenView.swift */ = {isa = PBXFileReference; lastKnownFileType = sourcecode.swift; path = MainScreenView.swift; sourceTree = "<group>"; };
		167EFF4528B7B91400B2CE02 /* DataListViewController.swift */ = {isa = PBXFileReference; lastKnownFileType = sourcecode.swift; path = DataListViewController.swift; sourceTree = "<group>"; };
		167EFF4728B7B98000B2CE02 /* DataListView.swift */ = {isa = PBXFileReference; lastKnownFileType = sourcecode.swift; path = DataListView.swift; sourceTree = "<group>"; };
		167EFF4C28B7BAD700B2CE02 /* DataListViewModel.swift */ = {isa = PBXFileReference; lastKnownFileType = sourcecode.swift; path = DataListViewModel.swift; sourceTree = "<group>"; };
		167EFF4E28B7BBD000B2CE02 /* NetworkManager.swift */ = {isa = PBXFileReference; lastKnownFileType = sourcecode.swift; path = NetworkManager.swift; sourceTree = "<group>"; };
		167EFF5028B7BF6A00B2CE02 /* GetData.swift */ = {isa = PBXFileReference; lastKnownFileType = sourcecode.swift; path = GetData.swift; sourceTree = "<group>"; };
		167EFF6128B7DF4600B2CE02 /* UIButtonExtension .swift */ = {isa = PBXFileReference; lastKnownFileType = sourcecode.swift; path = "UIButtonExtension .swift"; sourceTree = "<group>"; };
		167EFF6328B7E10300B2CE02 /* UIColorExtension.swift */ = {isa = PBXFileReference; lastKnownFileType = sourcecode.swift; path = UIColorExtension.swift; sourceTree = "<group>"; };
		167EFF6628B7E3B000B2CE02 /* TextTableViewCell.swift */ = {isa = PBXFileReference; lastKnownFileType = sourcecode.swift; path = TextTableViewCell.swift; sourceTree = "<group>"; };
		167EFF6828B7E3DC00B2CE02 /* ImageTableViewCell.swift */ = {isa = PBXFileReference; lastKnownFileType = sourcecode.swift; path = ImageTableViewCell.swift; sourceTree = "<group>"; };
		167EFF6A28B7E3E700B2CE02 /* SelectorTableViewCell.swift */ = {isa = PBXFileReference; lastKnownFileType = sourcecode.swift; path = SelectorTableViewCell.swift; sourceTree = "<group>"; };
/* End PBXFileReference section */

/* Begin PBXFrameworksBuildPhase section */
		167EFF0928B7A6E000B2CE02 /* Frameworks */ = {
			isa = PBXFrameworksBuildPhase;
			buildActionMask = 2147483647;
			files = (
				167EFF6E28B7E7FE00B2CE02 /* RxCocoa in Frameworks */,
				167EFF4428B7AF0000B2CE02 /* Kingfisher in Frameworks */,
				167EFF7028B7E7FE00B2CE02 /* RxSwift in Frameworks */,
				167EFF4128B7AECF00B2CE02 /* Alamofire in Frameworks */,
			);
			runOnlyForDeploymentPostprocessing = 0;
		};
/* End PBXFrameworksBuildPhase section */

/* Begin PBXGroup section */
		167EFF0328B7A6E000B2CE02 = {
			isa = PBXGroup;
			children = (
				167EFF0E28B7A6E000B2CE02 /* Crunchy */,
				167EFF0D28B7A6E000B2CE02 /* Products */,
			);
			sourceTree = "<group>";
		};
		167EFF0D28B7A6E000B2CE02 /* Products */ = {
			isa = PBXGroup;
			children = (
				167EFF0C28B7A6E000B2CE02 /* Crunchy.app */,
			);
			name = Products;
			sourceTree = "<group>";
		};
		167EFF0E28B7A6E000B2CE02 /* Crunchy */ = {
			isa = PBXGroup;
			children = (
				167EFF6028B7DF3100B2CE02 /* Extensions */,
				167EFF2428B7A83200B2CE02 /* Flows */,
				167EFF2828B7A88200B2CE02 /* Helpers */,
				167EFF2728B7A87800B2CE02 /* ViewModels */,
				167EFF2628B7A86F00B2CE02 /* Models */,
				167EFF2528B7A86200B2CE02 /* Coordinators */,
				167EFF2928B7A89900B2CE02 /* Resources */,
			);
			path = Crunchy;
			sourceTree = "<group>";
		};
		167EFF2428B7A83200B2CE02 /* Flows */ = {
			isa = PBXGroup;
			children = (
				167EFF1A28B7A6E500B2CE02 /* LaunchScreen.storyboard */,
				167EFF2A28B7A97000B2CE02 /* MainScreenViewController */,
				167EFF2B28B7A98000B2CE02 /* DataListViewController */,
				167EFF2D28B7A99800B2CE02 /* DataDetailViewController */,
			);
			path = Flows;
			sourceTree = "<group>";
		};
		167EFF2528B7A86200B2CE02 /* Coordinators */ = {
			isa = PBXGroup;
			children = (
				167EFF2F28B7A9F200B2CE02 /* Coordinator.swift */,
				167EFF3128B7AA0100B2CE02 /* AppCoordinator.swift */,
				167EFF3328B7AA1000B2CE02 /* MainScreenCoordinator.swift */,
				167EFF3528B7AA3000B2CE02 /* DataListCoordinator.swift */,
				167EFF3728B7AA4000B2CE02 /* DataDetailCoordinator.swift */,
			);
			path = Coordinators;
			sourceTree = "<group>";
		};
		167EFF2628B7A86F00B2CE02 /* Models */ = {
			isa = PBXGroup;
			children = (
				167EFF3928B7AAB900B2CE02 /* Pryaniky.swift */,
			);
			path = Models;
			sourceTree = "<group>";
		};
		167EFF2728B7A87800B2CE02 /* ViewModels */ = {
			isa = PBXGroup;
			children = (
				167EFF3B28B7AC0C00B2CE02 /* MainScreenViewModel.swift */,
				167EFF4C28B7BAD700B2CE02 /* DataListViewModel.swift */,
			);
			path = ViewModels;
			sourceTree = "<group>";
		};
		167EFF2828B7A88200B2CE02 /* Helpers */ = {
			isa = PBXGroup;
			children = (
				167EFF2E28B7A9CD00B2CE02 /* Network */,
			);
			path = Helpers;
			sourceTree = "<group>";
		};
		167EFF2928B7A89900B2CE02 /* Resources */ = {
			isa = PBXGroup;
			children = (
				167EFF0F28B7A6E000B2CE02 /* AppDelegate.swift */,
				167EFF1128B7A6E000B2CE02 /* SceneDelegate.swift */,
				167EFF1828B7A6E500B2CE02 /* Assets.xcassets */,
				167EFF1D28B7A6E500B2CE02 /* Info.plist */,
			);
			path = Resources;
			sourceTree = "<group>";
		};
		167EFF2A28B7A97000B2CE02 /* MainScreenViewController */ = {
			isa = PBXGroup;
			children = (
				167EFF1328B7A6E000B2CE02 /* MainScreenViewController.swift */,
				167EFF3D28B7ACE100B2CE02 /* MainScreenView.swift */,
			);
			path = MainScreenViewController;
			sourceTree = "<group>";
		};
		167EFF2B28B7A98000B2CE02 /* DataListViewController */ = {
			isa = PBXGroup;
			children = (
				167EFF4528B7B91400B2CE02 /* DataListViewController.swift */,
				167EFF4728B7B98000B2CE02 /* DataListView.swift */,
				167EFF6528B7E39100B2CE02 /* DataListCells */,
			);
			path = DataListViewController;
			sourceTree = "<group>";
		};
		167EFF2D28B7A99800B2CE02 /* DataDetailViewController */ = {
			isa = PBXGroup;
			children = (
			);
			path = DataDetailViewController;
			sourceTree = "<group>";
		};
		167EFF2E28B7A9CD00B2CE02 /* Network */ = {
			isa = PBXGroup;
			children = (
				167EFF4E28B7BBD000B2CE02 /* NetworkManager.swift */,
				167EFF5028B7BF6A00B2CE02 /* GetData.swift */,
			);
			path = Network;
			sourceTree = "<group>";
		};
		167EFF6028B7DF3100B2CE02 /* Extensions */ = {
			isa = PBXGroup;
			children = (
				167EFF6128B7DF4600B2CE02 /* UIButtonExtension .swift */,
				167EFF6328B7E10300B2CE02 /* UIColorExtension.swift */,
			);
			path = Extensions;
			sourceTree = "<group>";
		};
		167EFF6528B7E39100B2CE02 /* DataListCells */ = {
			isa = PBXGroup;
			children = (
				167EFF6628B7E3B000B2CE02 /* TextTableViewCell.swift */,
				167EFF6828B7E3DC00B2CE02 /* ImageTableViewCell.swift */,
				167EFF6A28B7E3E700B2CE02 /* SelectorTableViewCell.swift */,
			);
			path = DataListCells;
			sourceTree = "<group>";
		};
/* End PBXGroup section */

/* Begin PBXNativeTarget section */
		167EFF0B28B7A6E000B2CE02 /* Crunchy */ = {
			isa = PBXNativeTarget;
			buildConfigurationList = 167EFF2028B7A6E500B2CE02 /* Build configuration list for PBXNativeTarget "Crunchy" */;
			buildPhases = (
				167EFF0828B7A6E000B2CE02 /* Sources */,
				167EFF0928B7A6E000B2CE02 /* Frameworks */,
				167EFF0A28B7A6E000B2CE02 /* Resources */,
				167EFF2328B7A7BE00B2CE02 /* ShellScript */,
			);
			buildRules = (
			);
			dependencies = (
			);
			name = Crunchy;
			packageProductDependencies = (
				167EFF4028B7AECF00B2CE02 /* Alamofire */,
				167EFF4328B7AF0000B2CE02 /* Kingfisher */,
				167EFF6D28B7E7FE00B2CE02 /* RxCocoa */,
				167EFF6F28B7E7FE00B2CE02 /* RxSwift */,
			);
			productName = Crunchy;
			productReference = 167EFF0C28B7A6E000B2CE02 /* Crunchy.app */;
			productType = "com.apple.product-type.application";
		};
/* End PBXNativeTarget section */

/* Begin PBXProject section */
		167EFF0428B7A6E000B2CE02 /* Project object */ = {
			isa = PBXProject;
			attributes = {
				BuildIndependentTargetsInParallel = 1;
				LastSwiftUpdateCheck = 1340;
				LastUpgradeCheck = 1340;
				TargetAttributes = {
					167EFF0B28B7A6E000B2CE02 = {
						CreatedOnToolsVersion = 13.4.1;
					};
				};
			};
			buildConfigurationList = 167EFF0728B7A6E000B2CE02 /* Build configuration list for PBXProject "Crunchy" */;
			compatibilityVersion = "Xcode 13.0";
			developmentRegion = en;
			hasScannedForEncodings = 0;
			knownRegions = (
				en,
				Base,
			);
			mainGroup = 167EFF0328B7A6E000B2CE02;
			packageReferences = (
				167EFF3F28B7AECF00B2CE02 /* XCRemoteSwiftPackageReference "Alamofire" */,
				167EFF4228B7AF0000B2CE02 /* XCRemoteSwiftPackageReference "Kingfisher" */,
				167EFF6C28B7E7FE00B2CE02 /* XCRemoteSwiftPackageReference "RxSwift" */,
			);
			productRefGroup = 167EFF0D28B7A6E000B2CE02 /* Products */;
			projectDirPath = "";
			projectRoot = "";
			targets = (
				167EFF0B28B7A6E000B2CE02 /* Crunchy */,
			);
		};
/* End PBXProject section */

/* Begin PBXResourcesBuildPhase section */
		167EFF0A28B7A6E000B2CE02 /* Resources */ = {
			isa = PBXResourcesBuildPhase;
			buildActionMask = 2147483647;
			files = (
				167EFF1C28B7A6E500B2CE02 /* LaunchScreen.storyboard in Resources */,
				167EFF1928B7A6E500B2CE02 /* Assets.xcassets in Resources */,
			);
			runOnlyForDeploymentPostprocessing = 0;
		};
/* End PBXResourcesBuildPhase section */

/* Begin PBXShellScriptBuildPhase section */
		167EFF2328B7A7BE00B2CE02 /* ShellScript */ = {
			isa = PBXShellScriptBuildPhase;
			buildActionMask = 2147483647;
			files = (
			);
			inputFileListPaths = (
			);
			inputPaths = (
			);
			outputFileListPaths = (
			);
			outputPaths = (
			);
			runOnlyForDeploymentPostprocessing = 0;
			shellPath = /bin/sh;
			shellScript = "export PATH=\"$PATH:/opt/homebrew/bin\"\nif which swiftlint > /dev/null; then\n  swiftlint\nelse\n  echo \"warning: SwiftLint not installed, download from https://github.com/realm/SwiftLint\"\nfi\n";
		};
/* End PBXShellScriptBuildPhase section */

/* Begin PBXSourcesBuildPhase section */
		167EFF0828B7A6E000B2CE02 /* Sources */ = {
			isa = PBXSourcesBuildPhase;
			buildActionMask = 2147483647;
			files = (
				167EFF4628B7B91400B2CE02 /* DataListViewController.swift in Sources */,
				167EFF6728B7E3B000B2CE02 /* TextTableViewCell.swift in Sources */,
				167EFF3028B7A9F200B2CE02 /* Coordinator.swift in Sources */,
				167EFF5128B7BF6A00B2CE02 /* GetData.swift in Sources */,
				167EFF3C28B7AC0C00B2CE02 /* MainScreenViewModel.swift in Sources */,
				167EFF1428B7A6E000B2CE02 /* MainScreenViewController.swift in Sources */,
				167EFF6428B7E10300B2CE02 /* UIColorExtension.swift in Sources */,
				167EFF3628B7AA3000B2CE02 /* DataListCoordinator.swift in Sources */,
				167EFF4828B7B98000B2CE02 /* DataListView.swift in Sources */,
				167EFF6228B7DF4600B2CE02 /* UIButtonExtension .swift in Sources */,
				167EFF3A28B7AAB900B2CE02 /* Pryaniky.swift in Sources */,
				167EFF6B28B7E3E700B2CE02 /* SelectorTableViewCell.swift in Sources */,
				167EFF3228B7AA0100B2CE02 /* AppCoordinator.swift in Sources */,
				167EFF3428B7AA1000B2CE02 /* MainScreenCoordinator.swift in Sources */,
				167EFF3E28B7ACE100B2CE02 /* MainScreenView.swift in Sources */,
				167EFF1028B7A6E000B2CE02 /* AppDelegate.swift in Sources */,
				167EFF1228B7A6E000B2CE02 /* SceneDelegate.swift in Sources */,
				167EFF4F28B7BBD000B2CE02 /* NetworkManager.swift in Sources */,
				167EFF6928B7E3DC00B2CE02 /* ImageTableViewCell.swift in Sources */,
				167EFF4D28B7BAD700B2CE02 /* DataListViewModel.swift in Sources */,
				167EFF3828B7AA4000B2CE02 /* DataDetailCoordinator.swift in Sources */,
			);
			runOnlyForDeploymentPostprocessing = 0;
		};
/* End PBXSourcesBuildPhase section */

/* Begin PBXVariantGroup section */
		167EFF1A28B7A6E500B2CE02 /* LaunchScreen.storyboard */ = {
			isa = PBXVariantGroup;
			children = (
				167EFF1B28B7A6E500B2CE02 /* Base */,
			);
			name = LaunchScreen.storyboard;
			sourceTree = "<group>";
		};
/* End PBXVariantGroup section */

/* Begin XCBuildConfiguration section */
		167EFF1E28B7A6E500B2CE02 /* Debug */ = {
			isa = XCBuildConfiguration;
			buildSettings = {
				ALWAYS_SEARCH_USER_PATHS = NO;
				CLANG_ANALYZER_NONNULL = YES;
				CLANG_ANALYZER_NUMBER_OBJECT_CONVERSION = YES_AGGRESSIVE;
				CLANG_CXX_LANGUAGE_STANDARD = "gnu++17";
				CLANG_ENABLE_MODULES = YES;
				CLANG_ENABLE_OBJC_ARC = YES;
				CLANG_ENABLE_OBJC_WEAK = YES;
				CLANG_WARN_BLOCK_CAPTURE_AUTORELEASING = YES;
				CLANG_WARN_BOOL_CONVERSION = YES;
				CLANG_WARN_COMMA = YES;
				CLANG_WARN_CONSTANT_CONVERSION = YES;
				CLANG_WARN_DEPRECATED_OBJC_IMPLEMENTATIONS = YES;
				CLANG_WARN_DIRECT_OBJC_ISA_USAGE = YES_ERROR;
				CLANG_WARN_DOCUMENTATION_COMMENTS = YES;
				CLANG_WARN_EMPTY_BODY = YES;
				CLANG_WARN_ENUM_CONVERSION = YES;
				CLANG_WARN_INFINITE_RECURSION = YES;
				CLANG_WARN_INT_CONVERSION = YES;
				CLANG_WARN_NON_LITERAL_NULL_CONVERSION = YES;
				CLANG_WARN_OBJC_IMPLICIT_RETAIN_SELF = YES;
				CLANG_WARN_OBJC_LITERAL_CONVERSION = YES;
				CLANG_WARN_OBJC_ROOT_CLASS = YES_ERROR;
				CLANG_WARN_QUOTED_INCLUDE_IN_FRAMEWORK_HEADER = YES;
				CLANG_WARN_RANGE_LOOP_ANALYSIS = YES;
				CLANG_WARN_STRICT_PROTOTYPES = YES;
				CLANG_WARN_SUSPICIOUS_MOVE = YES;
				CLANG_WARN_UNGUARDED_AVAILABILITY = YES_AGGRESSIVE;
				CLANG_WARN_UNREACHABLE_CODE = YES;
				CLANG_WARN__DUPLICATE_METHOD_MATCH = YES;
				COPY_PHASE_STRIP = NO;
				DEBUG_INFORMATION_FORMAT = dwarf;
				ENABLE_STRICT_OBJC_MSGSEND = YES;
				ENABLE_TESTABILITY = YES;
				GCC_C_LANGUAGE_STANDARD = gnu11;
				GCC_DYNAMIC_NO_PIC = NO;
				GCC_NO_COMMON_BLOCKS = YES;
				GCC_OPTIMIZATION_LEVEL = 0;
				GCC_PREPROCESSOR_DEFINITIONS = (
					"DEBUG=1",
					"$(inherited)",
				);
				GCC_WARN_64_TO_32_BIT_CONVERSION = YES;
				GCC_WARN_ABOUT_RETURN_TYPE = YES_ERROR;
				GCC_WARN_UNDECLARED_SELECTOR = YES;
				GCC_WARN_UNINITIALIZED_AUTOS = YES_AGGRESSIVE;
				GCC_WARN_UNUSED_FUNCTION = YES;
				GCC_WARN_UNUSED_VARIABLE = YES;
				IPHONEOS_DEPLOYMENT_TARGET = 15.0;
				MTL_ENABLE_DEBUG_INFO = INCLUDE_SOURCE;
				MTL_FAST_MATH = YES;
				ONLY_ACTIVE_ARCH = YES;
				SDKROOT = iphoneos;
				SWIFT_ACTIVE_COMPILATION_CONDITIONS = DEBUG;
				SWIFT_OPTIMIZATION_LEVEL = "-Onone";
			};
			name = Debug;
		};
		167EFF1F28B7A6E500B2CE02 /* Release */ = {
			isa = XCBuildConfiguration;
			buildSettings = {
				ALWAYS_SEARCH_USER_PATHS = NO;
				CLANG_ANALYZER_NONNULL = YES;
				CLANG_ANALYZER_NUMBER_OBJECT_CONVERSION = YES_AGGRESSIVE;
				CLANG_CXX_LANGUAGE_STANDARD = "gnu++17";
				CLANG_ENABLE_MODULES = YES;
				CLANG_ENABLE_OBJC_ARC = YES;
				CLANG_ENABLE_OBJC_WEAK = YES;
				CLANG_WARN_BLOCK_CAPTURE_AUTORELEASING = YES;
				CLANG_WARN_BOOL_CONVERSION = YES;
				CLANG_WARN_COMMA = YES;
				CLANG_WARN_CONSTANT_CONVERSION = YES;
				CLANG_WARN_DEPRECATED_OBJC_IMPLEMENTATIONS = YES;
				CLANG_WARN_DIRECT_OBJC_ISA_USAGE = YES_ERROR;
				CLANG_WARN_DOCUMENTATION_COMMENTS = YES;
				CLANG_WARN_EMPTY_BODY = YES;
				CLANG_WARN_ENUM_CONVERSION = YES;
				CLANG_WARN_INFINITE_RECURSION = YES;
				CLANG_WARN_INT_CONVERSION = YES;
				CLANG_WARN_NON_LITERAL_NULL_CONVERSION = YES;
				CLANG_WARN_OBJC_IMPLICIT_RETAIN_SELF = YES;
				CLANG_WARN_OBJC_LITERAL_CONVERSION = YES;
				CLANG_WARN_OBJC_ROOT_CLASS = YES_ERROR;
				CLANG_WARN_QUOTED_INCLUDE_IN_FRAMEWORK_HEADER = YES;
				CLANG_WARN_RANGE_LOOP_ANALYSIS = YES;
				CLANG_WARN_STRICT_PROTOTYPES = YES;
				CLANG_WARN_SUSPICIOUS_MOVE = YES;
				CLANG_WARN_UNGUARDED_AVAILABILITY = YES_AGGRESSIVE;
				CLANG_WARN_UNREACHABLE_CODE = YES;
				CLANG_WARN__DUPLICATE_METHOD_MATCH = YES;
				COPY_PHASE_STRIP = NO;
				DEBUG_INFORMATION_FORMAT = "dwarf-with-dsym";
				ENABLE_NS_ASSERTIONS = NO;
				ENABLE_STRICT_OBJC_MSGSEND = YES;
				GCC_C_LANGUAGE_STANDARD = gnu11;
				GCC_NO_COMMON_BLOCKS = YES;
				GCC_WARN_64_TO_32_BIT_CONVERSION = YES;
				GCC_WARN_ABOUT_RETURN_TYPE = YES_ERROR;
				GCC_WARN_UNDECLARED_SELECTOR = YES;
				GCC_WARN_UNINITIALIZED_AUTOS = YES_AGGRESSIVE;
				GCC_WARN_UNUSED_FUNCTION = YES;
				GCC_WARN_UNUSED_VARIABLE = YES;
				IPHONEOS_DEPLOYMENT_TARGET = 15.0;
				MTL_ENABLE_DEBUG_INFO = NO;
				MTL_FAST_MATH = YES;
				SDKROOT = iphoneos;
				SWIFT_COMPILATION_MODE = wholemodule;
				SWIFT_OPTIMIZATION_LEVEL = "-O";
				VALIDATE_PRODUCT = YES;
			};
			name = Release;
		};
		167EFF2128B7A6E500B2CE02 /* Debug */ = {
			isa = XCBuildConfiguration;
			buildSettings = {
				ASSETCATALOG_COMPILER_APPICON_NAME = AppIcon;
				ASSETCATALOG_COMPILER_GLOBAL_ACCENT_COLOR_NAME = AccentColor;
				CODE_SIGN_STYLE = Automatic;
				CURRENT_PROJECT_VERSION = 1;
				DEVELOPMENT_TEAM = 97WCP8NGSS;
				GENERATE_INFOPLIST_FILE = YES;
				INFOPLIST_FILE = Crunchy/Resources/Info.plist;
				INFOPLIST_KEY_UIApplicationSupportsIndirectInputEvents = YES;
				INFOPLIST_KEY_UILaunchStoryboardName = LaunchScreen;
				INFOPLIST_KEY_UISupportedInterfaceOrientations_iPad = "UIInterfaceOrientationPortrait UIInterfaceOrientationPortraitUpsideDown UIInterfaceOrientationLandscapeLeft UIInterfaceOrientationLandscapeRight";
				INFOPLIST_KEY_UISupportedInterfaceOrientations_iPhone = "UIInterfaceOrientationPortrait UIInterfaceOrientationLandscapeLeft UIInterfaceOrientationLandscapeRight";
				LD_RUNPATH_SEARCH_PATHS = (
					"$(inherited)",
					"@executable_path/Frameworks",
				);
				MARKETING_VERSION = 1.0;
				PRODUCT_BUNDLE_IDENTIFIER = com.AndNasPlay.Crunchy;
				PRODUCT_NAME = "$(TARGET_NAME)";
				SWIFT_EMIT_LOC_STRINGS = YES;
				SWIFT_VERSION = 5.0;
				TARGETED_DEVICE_FAMILY = 1;
			};
			name = Debug;
		};
		167EFF2228B7A6E500B2CE02 /* Release */ = {
			isa = XCBuildConfiguration;
			buildSettings = {
				ASSETCATALOG_COMPILER_APPICON_NAME = AppIcon;
				ASSETCATALOG_COMPILER_GLOBAL_ACCENT_COLOR_NAME = AccentColor;
				CODE_SIGN_STYLE = Automatic;
				CURRENT_PROJECT_VERSION = 1;
				DEVELOPMENT_TEAM = 97WCP8NGSS;
				GENERATE_INFOPLIST_FILE = YES;
				INFOPLIST_FILE = Crunchy/Resources/Info.plist;
				INFOPLIST_KEY_UIApplicationSupportsIndirectInputEvents = YES;
				INFOPLIST_KEY_UILaunchStoryboardName = LaunchScreen;
				INFOPLIST_KEY_UISupportedInterfaceOrientations_iPad = "UIInterfaceOrientationPortrait UIInterfaceOrientationPortraitUpsideDown UIInterfaceOrientationLandscapeLeft UIInterfaceOrientationLandscapeRight";
				INFOPLIST_KEY_UISupportedInterfaceOrientations_iPhone = "UIInterfaceOrientationPortrait UIInterfaceOrientationLandscapeLeft UIInterfaceOrientationLandscapeRight";
				LD_RUNPATH_SEARCH_PATHS = (
					"$(inherited)",
					"@executable_path/Frameworks",
				);
				MARKETING_VERSION = 1.0;
				PRODUCT_BUNDLE_IDENTIFIER = com.AndNasPlay.Crunchy;
				PRODUCT_NAME = "$(TARGET_NAME)";
				SWIFT_EMIT_LOC_STRINGS = YES;
				SWIFT_VERSION = 5.0;
				TARGETED_DEVICE_FAMILY = 1;
			};
			name = Release;
		};
/* End XCBuildConfiguration section */

/* Begin XCConfigurationList section */
		167EFF0728B7A6E000B2CE02 /* Build configuration list for PBXProject "Crunchy" */ = {
			isa = XCConfigurationList;
			buildConfigurations = (
				167EFF1E28B7A6E500B2CE02 /* Debug */,
				167EFF1F28B7A6E500B2CE02 /* Release */,
			);
			defaultConfigurationIsVisible = 0;
			defaultConfigurationName = Release;
		};
		167EFF2028B7A6E500B2CE02 /* Build configuration list for PBXNativeTarget "Crunchy" */ = {
			isa = XCConfigurationList;
			buildConfigurations = (
				167EFF2128B7A6E500B2CE02 /* Debug */,
				167EFF2228B7A6E500B2CE02 /* Release */,
			);
			defaultConfigurationIsVisible = 0;
			defaultConfigurationName = Release;
		};
/* End XCConfigurationList section */

/* Begin XCRemoteSwiftPackageReference section */
		167EFF3F28B7AECF00B2CE02 /* XCRemoteSwiftPackageReference "Alamofire" */ = {
			isa = XCRemoteSwiftPackageReference;
			repositoryURL = "https://github.com/Alamofire/Alamofire.git";
			requirement = {
				kind = upToNextMajorVersion;
				minimumVersion = 5.6.1;
			};
		};
		167EFF4228B7AF0000B2CE02 /* XCRemoteSwiftPackageReference "Kingfisher" */ = {
			isa = XCRemoteSwiftPackageReference;
			repositoryURL = "https://github.com/onevcat/Kingfisher.git";
			requirement = {
				kind = upToNextMajorVersion;
				minimumVersion = 7.0.0;
			};
		};
		167EFF6C28B7E7FE00B2CE02 /* XCRemoteSwiftPackageReference "RxSwift" */ = {
			isa = XCRemoteSwiftPackageReference;
			repositoryURL = "https://github.com/ReactiveX/RxSwift.git";
			requirement = {
				kind = upToNextMajorVersion;
				minimumVersion = 6.0.0;
			};
		};
/* End XCRemoteSwiftPackageReference section */

/* Begin XCSwiftPackageProductDependency section */
		167EFF4028B7AECF00B2CE02 /* Alamofire */ = {
			isa = XCSwiftPackageProductDependency;
			package = 167EFF3F28B7AECF00B2CE02 /* XCRemoteSwiftPackageReference "Alamofire" */;
			productName = Alamofire;
		};
		167EFF4328B7AF0000B2CE02 /* Kingfisher */ = {
			isa = XCSwiftPackageProductDependency;
			package = 167EFF4228B7AF0000B2CE02 /* XCRemoteSwiftPackageReference "Kingfisher" */;
			productName = Kingfisher;
		};
		167EFF6D28B7E7FE00B2CE02 /* RxCocoa */ = {
			isa = XCSwiftPackageProductDependency;
			package = 167EFF6C28B7E7FE00B2CE02 /* XCRemoteSwiftPackageReference "RxSwift" */;
			productName = RxCocoa;
		};
		167EFF6F28B7E7FE00B2CE02 /* RxSwift */ = {
			isa = XCSwiftPackageProductDependency;
			package = 167EFF6C28B7E7FE00B2CE02 /* XCRemoteSwiftPackageReference "RxSwift" */;
			productName = RxSwift;
		};
/* End XCSwiftPackageProductDependency section */
	};
	rootObject = 167EFF0428B7A6E000B2CE02 /* Project object */;
}
